// !$*UTF8*$!
{
	archiveVersion = 1;
	classes = {
	};
	objectVersion = 54;
	objects = {

/* Begin PBXBuildFile section */
		1E665697268D5287008329DC /* Formatters.swift in Sources */ = {isa = PBXBuildFile; fileRef = 1E665696268D5287008329DC /* Formatters.swift */; };
		1E665699268E3CFE008329DC /* StatisticResults.swift in Sources */ = {isa = PBXBuildFile; fileRef = 1E665698268E3CFE008329DC /* StatisticResults.swift */; };
		1E7679D626805A0600D129DD /* AppDelegate.swift in Sources */ = {isa = PBXBuildFile; fileRef = 1E7679D526805A0600D129DD /* AppDelegate.swift */; };
		1E7679D826805A0600D129DD /* SceneDelegate.swift in Sources */ = {isa = PBXBuildFile; fileRef = 1E7679D726805A0600D129DD /* SceneDelegate.swift */; };
		1E7679DD26805A0600D129DD /* Main.storyboard in Resources */ = {isa = PBXBuildFile; fileRef = 1E7679DB26805A0600D129DD /* Main.storyboard */; };
		1E7679E226805A0700D129DD /* Assets.xcassets in Resources */ = {isa = PBXBuildFile; fileRef = 1E7679E126805A0700D129DD /* Assets.xcassets */; };
		1E7679E526805A0700D129DD /* LaunchScreen.storyboard in Resources */ = {isa = PBXBuildFile; fileRef = 1E7679E326805A0700D129DD /* LaunchScreen.storyboard */; };
		1E7679F126805ADB00D129DD /* SEODataBrain.swift in Sources */ = {isa = PBXBuildFile; fileRef = 1E7679F026805ADB00D129DD /* SEODataBrain.swift */; };
		1E7679F5268065AB00D129DD /* SEO.swift in Sources */ = {isa = PBXBuildFile; fileRef = 1E7679F4268065AB00D129DD /* SEO.swift */; };
		1E87811D268913AF00FE11C6 /* KeywordModel.swift in Sources */ = {isa = PBXBuildFile; fileRef = 1E87811C268913AF00FE11C6 /* KeywordModel.swift */; };
		1E990F6A268B6B2800EA258E /* LinkListViewController.swift in Sources */ = {isa = PBXBuildFile; fileRef = 1E990F69268B6B2800EA258E /* LinkListViewController.swift */; };
		1E990F6D268B7A3400EA258E /* LinkListCell.swift in Sources */ = {isa = PBXBuildFile; fileRef = 1E990F6B268B7A3400EA258E /* LinkListCell.swift */; };
		1E990F6E268B7A3400EA258E /* LinkListCell.xib in Resources */ = {isa = PBXBuildFile; fileRef = 1E990F6C268B7A3400EA258E /* LinkListCell.xib */; };
		1E990F72268B895C00EA258E /* WebViewController.swift in Sources */ = {isa = PBXBuildFile; fileRef = 1E990F71268B895C00EA258E /* WebViewController.swift */; };
		1EBDC083268158DF0068307F /* client_898525375062-rspg2uiadcuftclu25ckd7r2gnef49rb.apps.googleusercontent.com.plist in Resources */ = {isa = PBXBuildFile; fileRef = 1EBDC082268158DF0068307F /* client_898525375062-rspg2uiadcuftclu25ckd7r2gnef49rb.apps.googleusercontent.com.plist */; };
		1EBDC085268158F00068307F /* GoogleService-Info.plist in Resources */ = {isa = PBXBuildFile; fileRef = 1EBDC084268158F00068307F /* GoogleService-Info.plist */; };
		1EBDC087268286120068307F /* DomainViewController.swift in Sources */ = {isa = PBXBuildFile; fileRef = 1EBDC086268286120068307F /* DomainViewController.swift */; };
		1EBDC0892682903A0068307F /* Constant.swift in Sources */ = {isa = PBXBuildFile; fileRef = 1EBDC0882682903A0068307F /* Constant.swift */; };
		1EBDC08F2682A5840068307F /* KeywordViewController.swift in Sources */ = {isa = PBXBuildFile; fileRef = 1EBDC08E2682A5840068307F /* KeywordViewController.swift */; };
		1EC30A9026868755008CF69A /* RealmSwift in Frameworks */ = {isa = PBXBuildFile; productRef = 1EC30A8F26868755008CF69A /* RealmSwift */; };
		1EC30A9226868755008CF69A /* Realm in Frameworks */ = {isa = PBXBuildFile; productRef = 1EC30A9126868755008CF69A /* Realm */; };
		1EC30A9426868828008CF69A /* WebSites.swift in Sources */ = {isa = PBXBuildFile; fileRef = 1EC30A9326868828008CF69A /* WebSites.swift */; };
		1EC30A9626868834008CF69A /* Keywords.swift in Sources */ = {isa = PBXBuildFile; fileRef = 1EC30A9526868834008CF69A /* Keywords.swift */; };
/* End PBXBuildFile section */

/* Begin PBXFileReference section */
		1E665696268D5287008329DC /* Formatters.swift */ = {isa = PBXFileReference; lastKnownFileType = sourcecode.swift; path = Formatters.swift; sourceTree = "<group>"; };
		1E665698268E3CFE008329DC /* StatisticResults.swift */ = {isa = PBXFileReference; lastKnownFileType = sourcecode.swift; path = StatisticResults.swift; sourceTree = "<group>"; };
		1E7679D226805A0600D129DD /* FNP Seo.app */ = {isa = PBXFileReference; explicitFileType = wrapper.application; includeInIndex = 0; path = "FNP Seo.app"; sourceTree = BUILT_PRODUCTS_DIR; };
		1E7679D526805A0600D129DD /* AppDelegate.swift */ = {isa = PBXFileReference; lastKnownFileType = sourcecode.swift; path = AppDelegate.swift; sourceTree = "<group>"; };
		1E7679D726805A0600D129DD /* SceneDelegate.swift */ = {isa = PBXFileReference; lastKnownFileType = sourcecode.swift; path = SceneDelegate.swift; sourceTree = "<group>"; };
		1E7679DC26805A0600D129DD /* Base */ = {isa = PBXFileReference; lastKnownFileType = file.storyboard; name = Base; path = Base.lproj/Main.storyboard; sourceTree = "<group>"; };
		1E7679E126805A0700D129DD /* Assets.xcassets */ = {isa = PBXFileReference; lastKnownFileType = folder.assetcatalog; path = Assets.xcassets; sourceTree = "<group>"; };
		1E7679E426805A0700D129DD /* Base */ = {isa = PBXFileReference; lastKnownFileType = file.storyboard; name = Base; path = Base.lproj/LaunchScreen.storyboard; sourceTree = "<group>"; };
		1E7679E626805A0700D129DD /* Info.plist */ = {isa = PBXFileReference; lastKnownFileType = text.plist.xml; path = Info.plist; sourceTree = "<group>"; };
		1E7679F026805ADB00D129DD /* SEODataBrain.swift */ = {isa = PBXFileReference; lastKnownFileType = sourcecode.swift; path = SEODataBrain.swift; sourceTree = "<group>"; };
		1E7679F4268065AB00D129DD /* SEO.swift */ = {isa = PBXFileReference; lastKnownFileType = sourcecode.swift; path = SEO.swift; sourceTree = "<group>"; };
		1E87811C268913AF00FE11C6 /* KeywordModel.swift */ = {isa = PBXFileReference; lastKnownFileType = sourcecode.swift; path = KeywordModel.swift; sourceTree = "<group>"; };
		1E990F69268B6B2800EA258E /* LinkListViewController.swift */ = {isa = PBXFileReference; lastKnownFileType = sourcecode.swift; path = LinkListViewController.swift; sourceTree = "<group>"; };
		1E990F6B268B7A3400EA258E /* LinkListCell.swift */ = {isa = PBXFileReference; lastKnownFileType = sourcecode.swift; path = LinkListCell.swift; sourceTree = "<group>"; };
		1E990F6C268B7A3400EA258E /* LinkListCell.xib */ = {isa = PBXFileReference; lastKnownFileType = file.xib; path = LinkListCell.xib; sourceTree = "<group>"; };
		1E990F71268B895C00EA258E /* WebViewController.swift */ = {isa = PBXFileReference; lastKnownFileType = sourcecode.swift; path = WebViewController.swift; sourceTree = "<group>"; };
		1EBDC082268158DF0068307F /* client_898525375062-rspg2uiadcuftclu25ckd7r2gnef49rb.apps.googleusercontent.com.plist */ = {isa = PBXFileReference; fileEncoding = 4; lastKnownFileType = text.plist.xml; path = "client_898525375062-rspg2uiadcuftclu25ckd7r2gnef49rb.apps.googleusercontent.com.plist"; sourceTree = "<group>"; };
		1EBDC084268158F00068307F /* GoogleService-Info.plist */ = {isa = PBXFileReference; fileEncoding = 4; lastKnownFileType = text.plist.xml; path = "GoogleService-Info.plist"; sourceTree = "<group>"; };
		1EBDC086268286120068307F /* DomainViewController.swift */ = {isa = PBXFileReference; lastKnownFileType = sourcecode.swift; path = DomainViewController.swift; sourceTree = "<group>"; };
		1EBDC0882682903A0068307F /* Constant.swift */ = {isa = PBXFileReference; lastKnownFileType = sourcecode.swift; path = Constant.swift; sourceTree = "<group>"; };
		1EBDC08E2682A5840068307F /* KeywordViewController.swift */ = {isa = PBXFileReference; lastKnownFileType = sourcecode.swift; path = KeywordViewController.swift; sourceTree = "<group>"; };
		1EC30A9326868828008CF69A /* WebSites.swift */ = {isa = PBXFileReference; lastKnownFileType = sourcecode.swift; path = WebSites.swift; sourceTree = "<group>"; };
		1EC30A9526868834008CF69A /* Keywords.swift */ = {isa = PBXFileReference; lastKnownFileType = sourcecode.swift; path = Keywords.swift; sourceTree = "<group>"; };
/* End PBXFileReference section */

/* Begin PBXFrameworksBuildPhase section */
		1E7679CF26805A0600D129DD /* Frameworks */ = {
			isa = PBXFrameworksBuildPhase;
			buildActionMask = 2147483647;
			files = (
				1EC30A9226868755008CF69A /* Realm in Frameworks */,
				1EC30A9026868755008CF69A /* RealmSwift in Frameworks */,
			);
			runOnlyForDeploymentPostprocessing = 0;
		};
/* End PBXFrameworksBuildPhase section */

/* Begin PBXGroup section */
		1E7679C926805A0600D129DD = {
			isa = PBXGroup;
			children = (
				1E7679D426805A0600D129DD /* FNP Seo */,
			);
			sourceTree = "<group>";
		};
		1E7679D326805A0600D129DD /* Products */ = {
			isa = PBXGroup;
			children = (
				1E7679D226805A0600D129DD /* FNP Seo.app */,
			);
			name = Products;
			path = ..;
			sourceTree = "<group>";
		};
		1E7679D426805A0600D129DD /* FNP Seo */ = {
			isa = PBXGroup;
			children = (
				1E7679D526805A0600D129DD /* AppDelegate.swift */,
				1E7679D726805A0600D129DD /* SceneDelegate.swift */,
				1E7679EC26805A1300D129DD /* Data Model */,
				1E7679ED26805A1C00D129DD /* View */,
				1E7679EE26805A2500D129DD /* Controller */,
				1E7679EF26805A3500D129DD /* Support Files */,
				1E7679E626805A0700D129DD /* Info.plist */,
				1EBDC082268158DF0068307F /* client_898525375062-rspg2uiadcuftclu25ckd7r2gnef49rb.apps.googleusercontent.com.plist */,
				1EBDC084268158F00068307F /* GoogleService-Info.plist */,
				1E7679D326805A0600D129DD /* Products */,
			);
			path = "FNP Seo";
			sourceTree = "<group>";
		};
		1E7679EC26805A1300D129DD /* Data Model */ = {
			isa = PBXGroup;
			children = (
				1E91B91E26876AD8006F0281 /* Realm Data Model */,
				1E91B91D26876AA3006F0281 /* SEO Model */,
				1E87811726879A0A00FE11C6 /* Views Data Model */,
			);
			path = "Data Model";
			sourceTree = "<group>";
		};
		1E7679ED26805A1C00D129DD /* View */ = {
			isa = PBXGroup;
			children = (
				1E7679DB26805A0600D129DD /* Main.storyboard */,
				1E990F6B268B7A3400EA258E /* LinkListCell.swift */,
				1E990F6C268B7A3400EA258E /* LinkListCell.xib */,
			);
			path = View;
			sourceTree = "<group>";
		};
		1E7679EE26805A2500D129DD /* Controller */ = {
			isa = PBXGroup;
			children = (
				1EBDC086268286120068307F /* DomainViewController.swift */,
				1EBDC08E2682A5840068307F /* KeywordViewController.swift */,
				1E990F69268B6B2800EA258E /* LinkListViewController.swift */,
				1E990F71268B895C00EA258E /* WebViewController.swift */,
			);
			path = Controller;
			sourceTree = "<group>";
		};
		1E7679EF26805A3500D129DD /* Support Files */ = {
			isa = PBXGroup;
			children = (
				1E7679E126805A0700D129DD /* Assets.xcassets */,
				1E7679E326805A0700D129DD /* LaunchScreen.storyboard */,
				1EBDC0882682903A0068307F /* Constant.swift */,
				1E665696268D5287008329DC /* Formatters.swift */,
			);
			path = "Support Files";
			sourceTree = "<group>";
		};
		1E87811726879A0A00FE11C6 /* Views Data Model */ = {
			isa = PBXGroup;
			children = (
				1E87811C268913AF00FE11C6 /* KeywordModel.swift */,
			);
			path = "Views Data Model";
			sourceTree = "<group>";
		};
		1E91B91D26876AA3006F0281 /* SEO Model */ = {
			isa = PBXGroup;
			children = (
				1E7679F026805ADB00D129DD /* SEODataBrain.swift */,
				1E7679F4268065AB00D129DD /* SEO.swift */,
			);
			path = "SEO Model";
			sourceTree = "<group>";
		};
		1E91B91E26876AD8006F0281 /* Realm Data Model */ = {
			isa = PBXGroup;
			children = (
				1EC30A9326868828008CF69A /* WebSites.swift */,
				1EC30A9526868834008CF69A /* Keywords.swift */,
				1E665698268E3CFE008329DC /* StatisticResults.swift */,
			);
			path = "Realm Data Model";
			sourceTree = "<group>";
		};
/* End PBXGroup section */

/* Begin PBXNativeTarget section */
		1E7679D126805A0600D129DD /* FNP Seo */ = {
			isa = PBXNativeTarget;
			buildConfigurationList = 1E7679E926805A0700D129DD /* Build configuration list for PBXNativeTarget "FNP Seo" */;
			buildPhases = (
				1E7679CE26805A0600D129DD /* Sources */,
				1E7679CF26805A0600D129DD /* Frameworks */,
				1E7679D026805A0600D129DD /* Resources */,
			);
			buildRules = (
			);
			dependencies = (
			);
			name = "FNP Seo";
			packageProductDependencies = (
				1EC30A8F26868755008CF69A /* RealmSwift */,
				1EC30A9126868755008CF69A /* Realm */,
			);
			productName = "FNP Seo";
			productReference = 1E7679D226805A0600D129DD /* FNP Seo.app */;
			productType = "com.apple.product-type.application";
		};
/* End PBXNativeTarget section */

/* Begin PBXProject section */
		1E7679CA26805A0600D129DD /* Project object */ = {
			isa = PBXProject;
			attributes = {
				LastSwiftUpdateCheck = 1250;
				LastUpgradeCheck = 1250;
				TargetAttributes = {
					1E7679D126805A0600D129DD = {
						CreatedOnToolsVersion = 12.5;
					};
				};
			};
			buildConfigurationList = 1E7679CD26805A0600D129DD /* Build configuration list for PBXProject "FNP Seo" */;
			compatibilityVersion = "Xcode 12.0";
			developmentRegion = en;
			hasScannedForEncodings = 0;
			knownRegions = (
				en,
				Base,
			);
			mainGroup = 1E7679C926805A0600D129DD;
			packageReferences = (
				1EC30A8E26868755008CF69A /* XCRemoteSwiftPackageReference "realm-cocoa" */,
			);
			productRefGroup = 1E7679D326805A0600D129DD /* Products */;
			projectDirPath = "";
			projectRoot = "";
			targets = (
				1E7679D126805A0600D129DD /* FNP Seo */,
			);
		};
/* End PBXProject section */

/* Begin PBXResourcesBuildPhase section */
		1E7679D026805A0600D129DD /* Resources */ = {
			isa = PBXResourcesBuildPhase;
			buildActionMask = 2147483647;
			files = (
				1E7679E526805A0700D129DD /* LaunchScreen.storyboard in Resources */,
				1E7679E226805A0700D129DD /* Assets.xcassets in Resources */,
				1EBDC085268158F00068307F /* GoogleService-Info.plist in Resources */,
				1EBDC083268158DF0068307F /* client_898525375062-rspg2uiadcuftclu25ckd7r2gnef49rb.apps.googleusercontent.com.plist in Resources */,
				1E7679DD26805A0600D129DD /* Main.storyboard in Resources */,
				1E990F6E268B7A3400EA258E /* LinkListCell.xib in Resources */,
			);
			runOnlyForDeploymentPostprocessing = 0;
		};
/* End PBXResourcesBuildPhase section */

/* Begin PBXSourcesBuildPhase section */
		1E7679CE26805A0600D129DD /* Sources */ = {
			isa = PBXSourcesBuildPhase;
			buildActionMask = 2147483647;
			files = (
				1E7679F5268065AB00D129DD /* SEO.swift in Sources */,
				1E990F6D268B7A3400EA258E /* LinkListCell.swift in Sources */,
				1E87811D268913AF00FE11C6 /* KeywordModel.swift in Sources */,
				1E665697268D5287008329DC /* Formatters.swift in Sources */,
				1EC30A9626868834008CF69A /* Keywords.swift in Sources */,
				1E7679F126805ADB00D129DD /* SEODataBrain.swift in Sources */,
				1EC30A9426868828008CF69A /* WebSites.swift in Sources */,
				1EBDC08F2682A5840068307F /* KeywordViewController.swift in Sources */,
				1EBDC0892682903A0068307F /* Constant.swift in Sources */,
				1E665699268E3CFE008329DC /* StatisticResults.swift in Sources */,
				1EBDC087268286120068307F /* DomainViewController.swift in Sources */,
				1E990F6A268B6B2800EA258E /* LinkListViewController.swift in Sources */,
				1E7679D626805A0600D129DD /* AppDelegate.swift in Sources */,
				1E990F72268B895C00EA258E /* WebViewController.swift in Sources */,
				1E7679D826805A0600D129DD /* SceneDelegate.swift in Sources */,
			);
			runOnlyForDeploymentPostprocessing = 0;
		};
/* End PBXSourcesBuildPhase section */

/* Begin PBXVariantGroup section */
		1E7679DB26805A0600D129DD /* Main.storyboard */ = {
			isa = PBXVariantGroup;
			children = (
				1E7679DC26805A0600D129DD /* Base */,
			);
			name = Main.storyboard;
			sourceTree = "<group>";
		};
		1E7679E326805A0700D129DD /* LaunchScreen.storyboard */ = {
			isa = PBXVariantGroup;
			children = (
				1E7679E426805A0700D129DD /* Base */,
			);
			name = LaunchScreen.storyboard;
			sourceTree = "<group>";
		};
/* End PBXVariantGroup section */

/* Begin XCBuildConfiguration section */
		1E7679E726805A0700D129DD /* Debug */ = {
			isa = XCBuildConfiguration;
			buildSettings = {
				ALWAYS_SEARCH_USER_PATHS = NO;
				CLANG_ANALYZER_NONNULL = YES;
				CLANG_ANALYZER_NUMBER_OBJECT_CONVERSION = YES_AGGRESSIVE;
				CLANG_CXX_LANGUAGE_STANDARD = "gnu++14";
				CLANG_CXX_LIBRARY = "libc++";
				CLANG_ENABLE_MODULES = YES;
				CLANG_ENABLE_OBJC_ARC = YES;
				CLANG_ENABLE_OBJC_WEAK = YES;
				CLANG_WARN_BLOCK_CAPTURE_AUTORELEASING = YES;
				CLANG_WARN_BOOL_CONVERSION = YES;
				CLANG_WARN_COMMA = YES;
				CLANG_WARN_CONSTANT_CONVERSION = YES;
				CLANG_WARN_DEPRECATED_OBJC_IMPLEMENTATIONS = YES;
				CLANG_WARN_DIRECT_OBJC_ISA_USAGE = YES_ERROR;
				CLANG_WARN_DOCUMENTATION_COMMENTS = YES;
				CLANG_WARN_EMPTY_BODY = YES;
				CLANG_WARN_ENUM_CONVERSION = YES;
				CLANG_WARN_INFINITE_RECURSION = YES;
				CLANG_WARN_INT_CONVERSION = YES;
				CLANG_WARN_NON_LITERAL_NULL_CONVERSION = YES;
				CLANG_WARN_OBJC_IMPLICIT_RETAIN_SELF = YES;
				CLANG_WARN_OBJC_LITERAL_CONVERSION = YES;
				CLANG_WARN_OBJC_ROOT_CLASS = YES_ERROR;
				CLANG_WARN_QUOTED_INCLUDE_IN_FRAMEWORK_HEADER = YES;
				CLANG_WARN_RANGE_LOOP_ANALYSIS = YES;
				CLANG_WARN_STRICT_PROTOTYPES = YES;
				CLANG_WARN_SUSPICIOUS_MOVE = YES;
				CLANG_WARN_UNGUARDED_AVAILABILITY = YES_AGGRESSIVE;
				CLANG_WARN_UNREACHABLE_CODE = YES;
				CLANG_WARN__DUPLICATE_METHOD_MATCH = YES;
				COPY_PHASE_STRIP = NO;
				DEBUG_INFORMATION_FORMAT = dwarf;
				ENABLE_STRICT_OBJC_MSGSEND = YES;
				ENABLE_TESTABILITY = YES;
				GCC_C_LANGUAGE_STANDARD = gnu11;
				GCC_DYNAMIC_NO_PIC = NO;
				GCC_NO_COMMON_BLOCKS = YES;
				GCC_OPTIMIZATION_LEVEL = 0;
				GCC_PREPROCESSOR_DEFINITIONS = (
					"DEBUG=1",
					"$(inherited)",
				);
				GCC_WARN_64_TO_32_BIT_CONVERSION = YES;
				GCC_WARN_ABOUT_RETURN_TYPE = YES_ERROR;
				GCC_WARN_UNDECLARED_SELECTOR = YES;
				GCC_WARN_UNINITIALIZED_AUTOS = YES_AGGRESSIVE;
				GCC_WARN_UNUSED_FUNCTION = YES;
				GCC_WARN_UNUSED_VARIABLE = YES;
				IPHONEOS_DEPLOYMENT_TARGET = 14.5;
				MTL_ENABLE_DEBUG_INFO = INCLUDE_SOURCE;
				MTL_FAST_MATH = YES;
				ONLY_ACTIVE_ARCH = YES;
				SDKROOT = iphoneos;
				SWIFT_ACTIVE_COMPILATION_CONDITIONS = DEBUG;
				SWIFT_OPTIMIZATION_LEVEL = "-Onone";
			};
			name = Debug;
		};
		1E7679E826805A0700D129DD /* Release */ = {
			isa = XCBuildConfiguration;
			buildSettings = {
				ALWAYS_SEARCH_USER_PATHS = NO;
				CLANG_ANALYZER_NONNULL = YES;
				CLANG_ANALYZER_NUMBER_OBJECT_CONVERSION = YES_AGGRESSIVE;
				CLANG_CXX_LANGUAGE_STANDARD = "gnu++14";
				CLANG_CXX_LIBRARY = "libc++";
				CLANG_ENABLE_MODULES = YES;
				CLANG_ENABLE_OBJC_ARC = YES;
				CLANG_ENABLE_OBJC_WEAK = YES;
				CLANG_WARN_BLOCK_CAPTURE_AUTORELEASING = YES;
				CLANG_WARN_BOOL_CONVERSION = YES;
				CLANG_WARN_COMMA = YES;
				CLANG_WARN_CONSTANT_CONVERSION = YES;
				CLANG_WARN_DEPRECATED_OBJC_IMPLEMENTATIONS = YES;
				CLANG_WARN_DIRECT_OBJC_ISA_USAGE = YES_ERROR;
				CLANG_WARN_DOCUMENTATION_COMMENTS = YES;
				CLANG_WARN_EMPTY_BODY = YES;
				CLANG_WARN_ENUM_CONVERSION = YES;
				CLANG_WARN_INFINITE_RECURSION = YES;
				CLANG_WARN_INT_CONVERSION = YES;
				CLANG_WARN_NON_LITERAL_NULL_CONVERSION = YES;
				CLANG_WARN_OBJC_IMPLICIT_RETAIN_SELF = YES;
				CLANG_WARN_OBJC_LITERAL_CONVERSION = YES;
				CLANG_WARN_OBJC_ROOT_CLASS = YES_ERROR;
				CLANG_WARN_QUOTED_INCLUDE_IN_FRAMEWORK_HEADER = YES;
				CLANG_WARN_RANGE_LOOP_ANALYSIS = YES;
				CLANG_WARN_STRICT_PROTOTYPES = YES;
				CLANG_WARN_SUSPICIOUS_MOVE = YES;
				CLANG_WARN_UNGUARDED_AVAILABILITY = YES_AGGRESSIVE;
				CLANG_WARN_UNREACHABLE_CODE = YES;
				CLANG_WARN__DUPLICATE_METHOD_MATCH = YES;
				COPY_PHASE_STRIP = NO;
				DEBUG_INFORMATION_FORMAT = "dwarf-with-dsym";
				ENABLE_NS_ASSERTIONS = NO;
				ENABLE_STRICT_OBJC_MSGSEND = YES;
				GCC_C_LANGUAGE_STANDARD = gnu11;
				GCC_NO_COMMON_BLOCKS = YES;
				GCC_WARN_64_TO_32_BIT_CONVERSION = YES;
				GCC_WARN_ABOUT_RETURN_TYPE = YES_ERROR;
				GCC_WARN_UNDECLARED_SELECTOR = YES;
				GCC_WARN_UNINITIALIZED_AUTOS = YES_AGGRESSIVE;
				GCC_WARN_UNUSED_FUNCTION = YES;
				GCC_WARN_UNUSED_VARIABLE = YES;
				IPHONEOS_DEPLOYMENT_TARGET = 14.5;
				MTL_ENABLE_DEBUG_INFO = NO;
				MTL_FAST_MATH = YES;
				SDKROOT = iphoneos;
				SWIFT_COMPILATION_MODE = wholemodule;
				SWIFT_OPTIMIZATION_LEVEL = "-O";
				VALIDATE_PRODUCT = YES;
			};
			name = Release;
		};
		1E7679EA26805A0700D129DD /* Debug */ = {
			isa = XCBuildConfiguration;
			buildSettings = {
				ASSETCATALOG_COMPILER_APPICON_NAME = AppIcon;
				ASSETCATALOG_COMPILER_GLOBAL_ACCENT_COLOR_NAME = AccentColor;
				CODE_SIGN_STYLE = Automatic;
				DEVELOPMENT_TEAM = "";
				INFOPLIST_FILE = "FNP Seo/Info.plist";
				LD_RUNPATH_SEARCH_PATHS = (
					"$(inherited)",
					"@executable_path/Frameworks",
				);
				PRODUCT_BUNDLE_IDENTIFIER = com.Aybatu.FNPSEO;
				PRODUCT_NAME = "$(TARGET_NAME)";
				SWIFT_VERSION = 5.0;
				TARGETED_DEVICE_FAMILY = "1,2";
			};
			name = Debug;
		};
		1E7679EB26805A0700D129DD /* Release */ = {
			isa = XCBuildConfiguration;
			buildSettings = {
				ASSETCATALOG_COMPILER_APPICON_NAME = AppIcon;
				ASSETCATALOG_COMPILER_GLOBAL_ACCENT_COLOR_NAME = AccentColor;
				CODE_SIGN_STYLE = Automatic;
				DEVELOPMENT_TEAM = "";
				INFOPLIST_FILE = "FNP Seo/Info.plist";
				LD_RUNPATH_SEARCH_PATHS = (
					"$(inherited)",
					"@executable_path/Frameworks",
				);
				PRODUCT_BUNDLE_IDENTIFIER = com.Aybatu.FNPSEO;
				PRODUCT_NAME = "$(TARGET_NAME)";
				SWIFT_VERSION = 5.0;
				TARGETED_DEVICE_FAMILY = "1,2";
			};
			name = Release;
		};
/* End XCBuildConfiguration section */

/* Begin XCConfigurationList section */
		1E7679CD26805A0600D129DD /* Build configuration list for PBXProject "FNP Seo" */ = {
			isa = XCConfigurationList;
			buildConfigurations = (
				1E7679E726805A0700D129DD /* Debug */,
				1E7679E826805A0700D129DD /* Release */,
			);
			defaultConfigurationIsVisible = 0;
			defaultConfigurationName = Release;
		};
		1E7679E926805A0700D129DD /* Build configuration list for PBXNativeTarget "FNP Seo" */ = {
			isa = XCConfigurationList;
			buildConfigurations = (
				1E7679EA26805A0700D129DD /* Debug */,
				1E7679EB26805A0700D129DD /* Release */,
			);
			defaultConfigurationIsVisible = 0;
			defaultConfigurationName = Release;
		};
/* End XCConfigurationList section */

/* Begin XCRemoteSwiftPackageReference section */
		1EC30A8E26868755008CF69A /* XCRemoteSwiftPackageReference "realm-cocoa" */ = {
			isa = XCRemoteSwiftPackageReference;
			repositoryURL = "https://github.com/realm/realm-cocoa.git";
			requirement = {
				kind = upToNextMajorVersion;
				minimumVersion = 10.8.1;
			};
		};
/* End XCRemoteSwiftPackageReference section */

/* Begin XCSwiftPackageProductDependency section */
		1EC30A8F26868755008CF69A /* RealmSwift */ = {
			isa = XCSwiftPackageProductDependency;
			package = 1EC30A8E26868755008CF69A /* XCRemoteSwiftPackageReference "realm-cocoa" */;
			productName = RealmSwift;
		};
		1EC30A9126868755008CF69A /* Realm */ = {
			isa = XCSwiftPackageProductDependency;
			package = 1EC30A8E26868755008CF69A /* XCRemoteSwiftPackageReference "realm-cocoa" */;
			productName = Realm;
		};
/* End XCSwiftPackageProductDependency section */
	};
	rootObject = 1E7679CA26805A0600D129DD /* Project object */;
}
